
Microsoft Visual Studio Solution File, Format Version 12.00
# Visual Studio Version 16
VisualStudioVersion = 16.0.31025.194
MinimumVisualStudioVersion = 10.0.40219.1
Project("{FAE04EC0-301F-11D3-BF4B-00C04F79EFBC}") = "Misa.CukCuk.Web", "Misa.CukCuk.Web\Misa.CukCuk.Web.csproj", "{73CC946A-959D-438B-AC74-5D669A9C67E0}"
EndProject
Project("{FAE04EC0-301F-11D3-BF4B-00C04F79EFBC}") = "Misa.Core", "Misa.Core\Misa.Core.csproj", "{3A797007-7A04-42CA-9969-566DF406BEB9}"
EndProject
Project("{FAE04EC0-301F-11D3-BF4B-00C04F79EFBC}") = "Misa.Infrastructure", "Misa.Infrastructure\Misa.Infrastructure.csproj", "{8699AAC7-3E69-43E6-9CC7-2AF1601902BA}"
EndProject
Global
	GlobalSection(SolutionConfigurationPlatforms) = preSolution
		Debug|Any CPU = Debug|Any CPU
		Release|Any CPU = Release|Any CPU
	EndGlobalSection
	GlobalSection(ProjectConfigurationPlatforms) = postSolution
		{73CC946A-959D-438B-AC74-5D669A9C67E0}.Debug|Any CPU.ActiveCfg = Debug|Any CPU
		{73CC946A-959D-438B-AC74-5D669A9C67E0}.Debug|Any CPU.Build.0 = Debug|Any CPU
		{73CC946A-959D-438B-AC74-5D669A9C67E0}.Release|Any CPU.ActiveCfg = Release|Any CPU
		{73CC946A-959D-438B-AC74-5D669A9C67E0}.Release|Any CPU.Build.0 = Release|Any CPU
		{3A797007-7A04-42CA-9969-566DF406BEB9}.Debug|Any CPU.ActiveCfg = Debug|Any CPU
		{3A797007-7A04-42CA-9969-566DF406BEB9}.Debug|Any CPU.Build.0 = Debug|Any CPU
		{3A797007-7A04-42CA-9969-566DF406BEB9}.Release|Any CPU.ActiveCfg = Release|Any CPU
		{3A797007-7A04-42CA-9969-566DF406BEB9}.Release|Any CPU.Build.0 = Release|Any CPU
		{8699AAC7-3E69-43E6-9CC7-2AF1601902BA}.Debug|Any CPU.ActiveCfg = Debug|Any CPU
		{8699AAC7-3E69-43E6-9CC7-2AF1601902BA}.Debug|Any CPU.Build.0 = Debug|Any CPU
		{8699AAC7-3E69-43E6-9CC7-2AF1601902BA}.Release|Any CPU.ActiveCfg = Release|Any CPU
		{8699AAC7-3E69-43E6-9CC7-2AF1601902BA}.Release|Any CPU.Build.0 = Release|Any CPU
	EndGlobalSection
	GlobalSection(SolutionProperties) = preSolution
		HideSolutionNode = FALSE
	EndGlobalSection
	GlobalSection(ExtensibilityGlobals) = postSolution
		SolutionGuid = {2D866380-D5B2-4AEB-9C81-EF836E883DB0}
	EndGlobalSection
EndGlobal
